
Microsoft Visual Studio Solution File, Format Version 12.00
# Visual Studio Version 17
VisualStudioVersion = 17.5.33424.131
MinimumVisualStudioVersion = 10.0.40219.1
Project("{FAE04EC0-301F-11D3-BF4B-00C04F79EFBC}") = "DVCaptureTag.Console", "DVCaptureTag.Console\DVCaptureTag.Console.csproj", "{B47BC52E-3844-402C-87F2-0C4F5D23ABA9}"
EndProject
Project("{9A19103F-16F7-4668-BE54-9A1E7A4F7556}") = "DVCaptureTag.Core.Console", "DVCaptureTag.Core.Console\DVCaptureTag.Core.Console.csproj", "{EA47D1B8-35A2-4681-B5E2-C0EF83269E22}"
EndProject
Project("{2150E333-8FDC-42A3-9474-1A3956D46DE8}") = "Docs", "Docs", "{3DEABF44-9948-4F4D-9214-B03E3B6100FF}"
	ProjectSection(SolutionItems) = preProject
		ReadMe.md = ReadMe.md
	EndProjectSection
EndProject
Global
	GlobalSection(SolutionConfigurationPlatforms) = preSolution
		Debug|Any CPU = Debug|Any CPU
		Release|Any CPU = Release|Any CPU
	EndGlobalSection
	GlobalSection(ProjectConfigurationPlatforms) = postSolution
		{B47BC52E-3844-402C-87F2-0C4F5D23ABA9}.Debug|Any CPU.ActiveCfg = Debug|Any CPU
		{B47BC52E-3844-402C-87F2-0C4F5D23ABA9}.Debug|Any CPU.Build.0 = Debug|Any CPU
		{B47BC52E-3844-402C-87F2-0C4F5D23ABA9}.Release|Any CPU.ActiveCfg = Release|Any CPU
		{B47BC52E-3844-402C-87F2-0C4F5D23ABA9}.Release|Any CPU.Build.0 = Release|Any CPU
		{EA47D1B8-35A2-4681-B5E2-C0EF83269E22}.Debug|Any CPU.ActiveCfg = Debug|Any CPU
		{EA47D1B8-35A2-4681-B5E2-C0EF83269E22}.Debug|Any CPU.Build.0 = Debug|Any CPU
		{EA47D1B8-35A2-4681-B5E2-C0EF83269E22}.Release|Any CPU.ActiveCfg = Release|Any CPU
		{EA47D1B8-35A2-4681-B5E2-C0EF83269E22}.Release|Any CPU.Build.0 = Release|Any CPU
	EndGlobalSection
	GlobalSection(SolutionProperties) = preSolution
		HideSolutionNode = FALSE
	EndGlobalSection
	GlobalSection(ExtensibilityGlobals) = postSolution
		SolutionGuid = {08755668-F170-431A-8DF3-F34261149006}
	EndGlobalSection
EndGlobal
